{
  "nodes": {
    "nixpkgs": {
      "locked": {
        "lastModified": 1645735969,
        "narHash": "sha256-Wjt5siFLMPSDvVINhj7TbY8X82mdnOGtTMRjLc9eAUY=",
        "owner": "NixOS",
        "repo": "nixpkgs",
        "rev": "d6a24fc1084f8351cb9d76cd92a41a0cc9f8053a",
        "type": "github"
      },
      "original": {
        "owner": "NixOS",
        "repo": "nixpkgs",
        "type": "github"
      }
    },
    "root": {
      "inputs": {
        "nixpkgs": "nixpkgs"
      }
    }
  },
  "root": "root",
  "version": 7
}
